
Microsoft Visual Studio Solution File, Format Version 12.00
# Visual Studio Version 17
VisualStudioVersion = 17.5.002.0
MinimumVisualStudioVersion = 10.0.40219.1
Project("{9A19103F-16F7-4668-BE54-9A1E7A4F7556}") = "AnyVsExists", "AnyVsExists.csproj", "{BE571792-94CE-41F1-9461-FD7C7403AF0F}"
EndProject
Global
	GlobalSection(SolutionConfigurationPlatforms) = preSolution
		Debug|Any CPU = Debug|Any CPU
		Release|Any CPU = Release|Any CPU
	EndGlobalSection
	GlobalSection(ProjectConfigurationPlatforms) = postSolution
		{BE571792-94CE-41F1-9461-FD7C7403AF0F}.Debug|Any CPU.ActiveCfg = Debug|Any CPU
		{BE571792-94CE-41F1-9461-FD7C7403AF0F}.Debug|Any CPU.Build.0 = Debug|Any CPU
		{BE571792-94CE-41F1-9461-FD7C7403AF0F}.Release|Any CPU.ActiveCfg = Release|Any CPU
		{BE571792-94CE-41F1-9461-FD7C7403AF0F}.Release|Any CPU.Build.0 = Release|Any CPU
	EndGlobalSection
	GlobalSection(SolutionProperties) = preSolution
		HideSolutionNode = FALSE
	EndGlobalSection
	GlobalSection(ExtensibilityGlobals) = postSolution
		SolutionGuid = {9FC9F6B1-ECCF-4CB3-8345-F57941517C8C}
	EndGlobalSection
EndGlobal
